
Microsoft Visual Studio Solution File, Format Version 12.00
# Visual Studio Version 17
VisualStudioVersion = 17.6.33723.286
MinimumVisualStudioVersion = 10.0.40219.1
Project("{FAE04EC0-301F-11D3-BF4B-00C04F79EFBC}") = "TemplateService.API", "TemplateService.API\TemplateService.API.csproj", "{7232BE32-6310-4043-80A0-5157416C8F4F}"
EndProject
Project("{9A19103F-16F7-4668-BE54-9A1E7A4F7556}") = "TemplateService.Infrastructure", "TemplateService.Infrastructure\TemplateService.Infrastructure.csproj", "{F17784A2-8536-4720-A444-D451D30C65CD}"
EndProject
Project("{9A19103F-16F7-4668-BE54-9A1E7A4F7556}") = "TemplateService.Domain", "TemplateService.Domain\TemplateService.Domain.csproj", "{0F4DB174-D28E-44BE-BEDD-6F01CD5C43B3}"
EndProject
Project("{9A19103F-16F7-4668-BE54-9A1E7A4F7556}") = "TemplateService.Application", "TemplateService.Application\TemplateService.Application.csproj", "{8F0A012C-B533-4020-97B4-5E83C9EF4DF7}"
EndProject
Project("{FAE04EC0-301F-11D3-BF4B-00C04F79EFBC}") = "TemplateService.Telegram", "TemplateService.Telegram\TemplateService.Telegram.csproj", "{8A1769BD-22EF-42CC-8BA4-A23A2BA6D931}"
EndProject
Global
	GlobalSection(SolutionConfigurationPlatforms) = preSolution
		Debug|Any CPU = Debug|Any CPU
		Release|Any CPU = Release|Any CPU
	EndGlobalSection
	GlobalSection(ProjectConfigurationPlatforms) = postSolution
		{7232BE32-6310-4043-80A0-5157416C8F4F}.Debug|Any CPU.ActiveCfg = Debug|Any CPU
		{7232BE32-6310-4043-80A0-5157416C8F4F}.Debug|Any CPU.Build.0 = Debug|Any CPU
		{7232BE32-6310-4043-80A0-5157416C8F4F}.Release|Any CPU.ActiveCfg = Release|Any CPU
		{7232BE32-6310-4043-80A0-5157416C8F4F}.Release|Any CPU.Build.0 = Release|Any CPU
		{F17784A2-8536-4720-A444-D451D30C65CD}.Debug|Any CPU.ActiveCfg = Debug|Any CPU
		{F17784A2-8536-4720-A444-D451D30C65CD}.Debug|Any CPU.Build.0 = Debug|Any CPU
		{F17784A2-8536-4720-A444-D451D30C65CD}.Release|Any CPU.ActiveCfg = Release|Any CPU
		{F17784A2-8536-4720-A444-D451D30C65CD}.Release|Any CPU.Build.0 = Release|Any CPU
		{0F4DB174-D28E-44BE-BEDD-6F01CD5C43B3}.Debug|Any CPU.ActiveCfg = Debug|Any CPU
		{0F4DB174-D28E-44BE-BEDD-6F01CD5C43B3}.Debug|Any CPU.Build.0 = Debug|Any CPU
		{0F4DB174-D28E-44BE-BEDD-6F01CD5C43B3}.Release|Any CPU.ActiveCfg = Release|Any CPU
		{0F4DB174-D28E-44BE-BEDD-6F01CD5C43B3}.Release|Any CPU.Build.0 = Release|Any CPU
		{8F0A012C-B533-4020-97B4-5E83C9EF4DF7}.Debug|Any CPU.ActiveCfg = Debug|Any CPU
		{8F0A012C-B533-4020-97B4-5E83C9EF4DF7}.Debug|Any CPU.Build.0 = Debug|Any CPU
		{8F0A012C-B533-4020-97B4-5E83C9EF4DF7}.Release|Any CPU.ActiveCfg = Release|Any CPU
		{8F0A012C-B533-4020-97B4-5E83C9EF4DF7}.Release|Any CPU.Build.0 = Release|Any CPU
		{8A1769BD-22EF-42CC-8BA4-A23A2BA6D931}.Debug|Any CPU.ActiveCfg = Debug|Any CPU
		{8A1769BD-22EF-42CC-8BA4-A23A2BA6D931}.Debug|Any CPU.Build.0 = Debug|Any CPU
		{8A1769BD-22EF-42CC-8BA4-A23A2BA6D931}.Release|Any CPU.ActiveCfg = Release|Any CPU
		{8A1769BD-22EF-42CC-8BA4-A23A2BA6D931}.Release|Any CPU.Build.0 = Release|Any CPU
	EndGlobalSection
	GlobalSection(SolutionProperties) = preSolution
		HideSolutionNode = FALSE
	EndGlobalSection
	GlobalSection(ExtensibilityGlobals) = postSolution
		SolutionGuid = {2966D429-E8F1-40DB-A8F5-84D27D23498E}
	EndGlobalSection
EndGlobal
